
Microsoft Visual Studio Solution File, Format Version 12.00
# Visual Studio Version 17
VisualStudioVersion = 17.8.34330.188
MinimumVisualStudioVersion = 10.0.40219.1
Project("{FAE04EC0-301F-11D3-BF4B-00C04F79EFBC}") = "BookingWebApplication", "BookingWebApplication\BookingWebApplication.csproj", "{1B9142F1-1EF9-4143-8058-A42101C2C3A3}"
EndProject
Global
	GlobalSection(SolutionConfigurationPlatforms) = preSolution
		Debug|Any CPU = Debug|Any CPU
		Release|Any CPU = Release|Any CPU
	EndGlobalSection
	GlobalSection(ProjectConfigurationPlatforms) = postSolution
		{1B9142F1-1EF9-4143-8058-A42101C2C3A3}.Debug|Any CPU.ActiveCfg = Debug|Any CPU
		{1B9142F1-1EF9-4143-8058-A42101C2C3A3}.Debug|Any CPU.Build.0 = Debug|Any CPU
		{1B9142F1-1EF9-4143-8058-A42101C2C3A3}.Release|Any CPU.ActiveCfg = Release|Any CPU
		{1B9142F1-1EF9-4143-8058-A42101C2C3A3}.Release|Any CPU.Build.0 = Release|Any CPU
	EndGlobalSection
	GlobalSection(SolutionProperties) = preSolution
		HideSolutionNode = FALSE
	EndGlobalSection
	GlobalSection(ExtensibilityGlobals) = postSolution
		SolutionGuid = {DFF5A763-4BAC-4273-9288-ACD27BD2B46D}
	EndGlobalSection
EndGlobal
